
Microsoft Visual Studio Solution File, Format Version 12.00
# Visual Studio Version 16
VisualStudioVersion = 16.0.31624.102
MinimumVisualStudioVersion = 10.0.40219.1
Project("{FAE04EC0-301F-11D3-BF4B-00C04F79EFBC}") = "ALG_LAB_3", "ALG_LAB_3.csproj", "{6A605C50-63AE-4907-9E9A-880795AA6DA5}"
EndProject
Global
	GlobalSection(SolutionConfigurationPlatforms) = preSolution
		Debug|Any CPU = Debug|Any CPU
		Release|Any CPU = Release|Any CPU
	EndGlobalSection
	GlobalSection(ProjectConfigurationPlatforms) = postSolution
		{6A605C50-63AE-4907-9E9A-880795AA6DA5}.Debug|Any CPU.ActiveCfg = Debug|Any CPU
		{6A605C50-63AE-4907-9E9A-880795AA6DA5}.Debug|Any CPU.Build.0 = Debug|Any CPU
		{6A605C50-63AE-4907-9E9A-880795AA6DA5}.Release|Any CPU.ActiveCfg = Release|Any CPU
		{6A605C50-63AE-4907-9E9A-880795AA6DA5}.Release|Any CPU.Build.0 = Release|Any CPU
	EndGlobalSection
	GlobalSection(SolutionProperties) = preSolution
		HideSolutionNode = FALSE
	EndGlobalSection
	GlobalSection(ExtensibilityGlobals) = postSolution
		SolutionGuid = {6FEE740A-71D8-4579-809D-A9DD35FD4C9A}
	EndGlobalSection
EndGlobal
